PODS:
  - ble_peripheral (0.0.1):
    - Flutter
    - FlutterMacOS
  - Flutter (1.0.0)
  - permission_handler_apple (9.3.0):
    - Flutter

DEPENDENCIES:
  - ble_peripheral (from `.symlinks/plugins/ble_peripheral/darwin`)
  - Flutter (from `Flutter`)
  - permission_handler_apple (from `.symlinks/plugins/permission_handler_apple/ios`)

EXTERNAL SOURCES:
  ble_peripheral:
    :path: ".symlinks/plugins/ble_peripheral/darwin"
  Flutter:
    :path: Flutter
  permission_handler_apple:
    :path: ".symlinks/plugins/permission_handler_apple/ios"

SPEC CHECKSUMS:
  ble_peripheral: 1d6cb378caaef61cd39410652a4de1a68dfba4f2
  Flutter: cabc95a1d2626b1b06e7179b784ebcf0c0cde467
  permission_handler_apple: 4ed2196e43d0651e8ff7ca3483a069d469701f2d

PODFILE CHECKSUM: bf2bf661c9bd070af3975eb2666ce2b84077a44a

COCOAPODS: 1.16.2
